
Microsoft Visual Studio Solution File, Format Version 12.00
# Visual Studio Version 17
VisualStudioVersion = 17.14.36301.6 d17.14
MinimumVisualStudioVersion = 10.0.40219.1
Project("{FAE04EC0-301F-11D3-BF4B-00C04F79EFBC}") = "inventoryManagmentSystem", "inventoryManagmentSystem\inventoryManagmentSystem.csproj", "{38B2DC39-6136-402A-A9E9-26B09DA61419}"
EndProject
Global
	GlobalSection(SolutionConfigurationPlatforms) = preSolution
		Debug|Any CPU = Debug|Any CPU
		Release|Any CPU = Release|Any CPU
	EndGlobalSection
	GlobalSection(ProjectConfigurationPlatforms) = postSolution
		{38B2DC39-6136-402A-A9E9-26B09DA61419}.Debug|Any CPU.ActiveCfg = Debug|Any CPU
		{38B2DC39-6136-402A-A9E9-26B09DA61419}.Debug|Any CPU.Build.0 = Debug|Any CPU
		{38B2DC39-6136-402A-A9E9-26B09DA61419}.Release|Any CPU.ActiveCfg = Release|Any CPU
		{38B2DC39-6136-402A-A9E9-26B09DA61419}.Release|Any CPU.Build.0 = Release|Any CPU
	EndGlobalSection
	GlobalSection(SolutionProperties) = preSolution
		HideSolutionNode = FALSE
	EndGlobalSection
	GlobalSection(ExtensibilityGlobals) = postSolution
		SolutionGuid = {005C9A47-1529-40F7-A932-EEC996CCB172}
	EndGlobalSection
EndGlobal
